// !$*UTF8*$!
{
	archiveVersion = 1;
	classes = {
	};
	objectVersion = 56;
	objects = {

/* Begin PBXBuildFile section */
		CD9740202BE102A5006FB48C /* DestinationLocationsMapView.swift in Sources */ = {isa = PBXBuildFile; fileRef = CD97401F2BE102A5006FB48C /* DestinationLocationsMapView.swift */; };
		CD9740232BE10506006FB48C /* MoveMateMapView.swift in Sources */ = {isa = PBXBuildFile; fileRef = CD9740222BE10506006FB48C /* MoveMateMapView.swift */; };
		CD9740272BE10DBE006FB48C /* Launch Screen.storyboard in Resources */ = {isa = PBXBuildFile; fileRef = CD9740262BE10DBE006FB48C /* Launch Screen.storyboard */; };
		CD9740292BE10EB8006FB48C /* SampleBangkokLocations.swift in Sources */ = {isa = PBXBuildFile; fileRef = CD9740282BE10EB8006FB48C /* SampleBangkokLocations.swift */; };
		CD97402C2BE14C50006FB48C /* Destination.swift in Sources */ = {isa = PBXBuildFile; fileRef = CD97402B2BE14C50006FB48C /* Destination.swift */; };
		CD97402E2BE14C69006FB48C /* MTPlacemark.swift in Sources */ = {isa = PBXBuildFile; fileRef = CD97402D2BE14C69006FB48C /* MTPlacemark.swift */; };
		CD9740302BE1607E006FB48C /* DestinationsListView.swift in Sources */ = {isa = PBXBuildFile; fileRef = CD97402F2BE1607E006FB48C /* DestinationsListView.swift */; };
		CD9740332BE16554006FB48C /* MapManager.swift in Sources */ = {isa = PBXBuildFile; fileRef = CD9740322BE16554006FB48C /* MapManager.swift */; };
		CDDB3B4D2BE0FFF9009C867B /* MoveMateApp.swift in Sources */ = {isa = PBXBuildFile; fileRef = CDDB3B4C2BE0FFF9009C867B /* MoveMateApp.swift */; };
		CDDB3B4F2BE0FFF9009C867B /* StartTab.swift in Sources */ = {isa = PBXBuildFile; fileRef = CDDB3B4E2BE0FFF9009C867B /* StartTab.swift */; };
		CDDB3B512BE0FFFB009C867B /* Assets.xcassets in Resources */ = {isa = PBXBuildFile; fileRef = CDDB3B502BE0FFFB009C867B /* Assets.xcassets */; };
		CDDB3B542BE0FFFB009C867B /* Preview Assets.xcassets in Resources */ = {isa = PBXBuildFile; fileRef = CDDB3B532BE0FFFB009C867B /* Preview Assets.xcassets */; };
/* End PBXBuildFile section */

/* Begin PBXFileReference section */
		CD97401F2BE102A5006FB48C /* DestinationLocationsMapView.swift */ = {isa = PBXFileReference; lastKnownFileType = sourcecode.swift; path = DestinationLocationsMapView.swift; sourceTree = "<group>"; };
		CD9740222BE10506006FB48C /* MoveMateMapView.swift */ = {isa = PBXFileReference; lastKnownFileType = sourcecode.swift; path = MoveMateMapView.swift; sourceTree = "<group>"; };
		CD9740262BE10DBE006FB48C /* Launch Screen.storyboard */ = {isa = PBXFileReference; lastKnownFileType = file.storyboard; path = "Launch Screen.storyboard"; sourceTree = "<group>"; };
		CD9740282BE10EB8006FB48C /* SampleBangkokLocations.swift */ = {isa = PBXFileReference; lastKnownFileType = sourcecode.swift; path = SampleBangkokLocations.swift; sourceTree = "<group>"; };
		CD97402B2BE14C50006FB48C /* Destination.swift */ = {isa = PBXFileReference; lastKnownFileType = sourcecode.swift; path = Destination.swift; sourceTree = "<group>"; };
		CD97402D2BE14C69006FB48C /* MTPlacemark.swift */ = {isa = PBXFileReference; lastKnownFileType = sourcecode.swift; path = MTPlacemark.swift; sourceTree = "<group>"; };
		CD97402F2BE1607E006FB48C /* DestinationsListView.swift */ = {isa = PBXFileReference; lastKnownFileType = sourcecode.swift; path = DestinationsListView.swift; sourceTree = "<group>"; };
		CD9740322BE16554006FB48C /* MapManager.swift */ = {isa = PBXFileReference; lastKnownFileType = sourcecode.swift; path = MapManager.swift; sourceTree = "<group>"; };
		CDDB3B492BE0FFF9009C867B /* MoveMate.app */ = {isa = PBXFileReference; explicitFileType = wrapper.application; includeInIndex = 0; path = MoveMate.app; sourceTree = BUILT_PRODUCTS_DIR; };
		CDDB3B4C2BE0FFF9009C867B /* MoveMateApp.swift */ = {isa = PBXFileReference; lastKnownFileType = sourcecode.swift; path = MoveMateApp.swift; sourceTree = "<group>"; };
		CDDB3B4E2BE0FFF9009C867B /* StartTab.swift */ = {isa = PBXFileReference; lastKnownFileType = sourcecode.swift; path = StartTab.swift; sourceTree = "<group>"; };
		CDDB3B502BE0FFFB009C867B /* Assets.xcassets */ = {isa = PBXFileReference; lastKnownFileType = folder.assetcatalog; path = Assets.xcassets; sourceTree = "<group>"; };
		CDDB3B532BE0FFFB009C867B /* Preview Assets.xcassets */ = {isa = PBXFileReference; lastKnownFileType = folder.assetcatalog; path = "Preview Assets.xcassets"; sourceTree = "<group>"; };
/* End PBXFileReference section */

/* Begin PBXFrameworksBuildPhase section */
		CDDB3B462BE0FFF9009C867B /* Frameworks */ = {
			isa = PBXFrameworksBuildPhase;
			buildActionMask = 2147483647;
			files = (
			);
			runOnlyForDeploymentPostprocessing = 0;
		};
/* End PBXFrameworksBuildPhase section */

/* Begin PBXGroup section */
		CD97401E2BE10275006FB48C /* Destination Tab */ = {
			isa = PBXGroup;
			children = (
				CD97401F2BE102A5006FB48C /* DestinationLocationsMapView.swift */,
				CD97402F2BE1607E006FB48C /* DestinationsListView.swift */,
			);
			path = "Destination Tab";
			sourceTree = "<group>";
		};
		CD9740212BE104D7006FB48C /* MyMoveMate Tab */ = {
			isa = PBXGroup;
			children = (
				CD9740222BE10506006FB48C /* MoveMateMapView.swift */,
			);
			path = "MyMoveMate Tab";
			sourceTree = "<group>";
		};
		CD97402A2BE14C2A006FB48C /* Models */ = {
			isa = PBXGroup;
			children = (
				CD97402B2BE14C50006FB48C /* Destination.swift */,
				CD97402D2BE14C69006FB48C /* MTPlacemark.swift */,
			);
			path = Models;
			sourceTree = "<group>";
		};
		CD9740312BE164E5006FB48C /* Services */ = {
			isa = PBXGroup;
			children = (
				CD9740322BE16554006FB48C /* MapManager.swift */,
			);
			path = Services;
			sourceTree = "<group>";
		};
		CDDB3B402BE0FFF9009C867B = {
			isa = PBXGroup;
			children = (
				CDDB3B4B2BE0FFF9009C867B /* MoveMate */,
				CDDB3B4A2BE0FFF9009C867B /* Products */,
			);
			sourceTree = "<group>";
		};
		CDDB3B4A2BE0FFF9009C867B /* Products */ = {
			isa = PBXGroup;
			children = (
				CDDB3B492BE0FFF9009C867B /* MoveMate.app */,
			);
			name = Products;
			sourceTree = "<group>";
		};
		CDDB3B4B2BE0FFF9009C867B /* MoveMate */ = {
			isa = PBXGroup;
			children = (
				CDDB3B4C2BE0FFF9009C867B /* MoveMateApp.swift */,
				CDDB3B4E2BE0FFF9009C867B /* StartTab.swift */,
				CD9740212BE104D7006FB48C /* MyMoveMate Tab */,
				CD97401E2BE10275006FB48C /* Destination Tab */,
				CD97402A2BE14C2A006FB48C /* Models */,
				CDDB3B502BE0FFFB009C867B /* Assets.xcassets */,
				CD9740312BE164E5006FB48C /* Services */,
				CDDB3B522BE0FFFB009C867B /* Preview Content */,
				CD9740262BE10DBE006FB48C /* Launch Screen.storyboard */,
				CD9740282BE10EB8006FB48C /* SampleBangkokLocations.swift */,
			);
			path = MoveMate;
			sourceTree = "<group>";
		};
		CDDB3B522BE0FFFB009C867B /* Preview Content */ = {
			isa = PBXGroup;
			children = (
				CDDB3B532BE0FFFB009C867B /* Preview Assets.xcassets */,
			);
			path = "Preview Content";
			sourceTree = "<group>";
		};
/* End PBXGroup section */

/* Begin PBXNativeTarget section */
		CDDB3B482BE0FFF9009C867B /* MoveMate */ = {
			isa = PBXNativeTarget;
			buildConfigurationList = CDDB3B572BE0FFFB009C867B /* Build configuration list for PBXNativeTarget "MoveMate" */;
			buildPhases = (
				CDDB3B452BE0FFF9009C867B /* Sources */,
				CDDB3B462BE0FFF9009C867B /* Frameworks */,
				CDDB3B472BE0FFF9009C867B /* Resources */,
			);
			buildRules = (
			);
			dependencies = (
			);
			name = MoveMate;
			productName = MoveMate;
			productReference = CDDB3B492BE0FFF9009C867B /* MoveMate.app */;
			productType = "com.apple.product-type.application";
		};
/* End PBXNativeTarget section */

/* Begin PBXProject section */
		CDDB3B412BE0FFF9009C867B /* Project object */ = {
			isa = PBXProject;
			attributes = {
				BuildIndependentTargetsInParallel = 1;
				LastSwiftUpdateCheck = 1530;
				LastUpgradeCheck = 1530;
				TargetAttributes = {
					CDDB3B482BE0FFF9009C867B = {
						CreatedOnToolsVersion = 15.3;
					};
				};
			};
			buildConfigurationList = CDDB3B442BE0FFF9009C867B /* Build configuration list for PBXProject "MoveMate" */;
			compatibilityVersion = "Xcode 14.0";
			developmentRegion = en;
			hasScannedForEncodings = 0;
			knownRegions = (
				en,
				Base,
			);
			mainGroup = CDDB3B402BE0FFF9009C867B;
			productRefGroup = CDDB3B4A2BE0FFF9009C867B /* Products */;
			projectDirPath = "";
			projectRoot = "";
			targets = (
				CDDB3B482BE0FFF9009C867B /* MoveMate */,
			);
		};
/* End PBXProject section */

/* Begin PBXResourcesBuildPhase section */
		CDDB3B472BE0FFF9009C867B /* Resources */ = {
			isa = PBXResourcesBuildPhase;
			buildActionMask = 2147483647;
			files = (
				CD9740272BE10DBE006FB48C /* Launch Screen.storyboard in Resources */,
				CDDB3B542BE0FFFB009C867B /* Preview Assets.xcassets in Resources */,
				CDDB3B512BE0FFFB009C867B /* Assets.xcassets in Resources */,
			);
			runOnlyForDeploymentPostprocessing = 0;
		};
/* End PBXResourcesBuildPhase section */

/* Begin PBXSourcesBuildPhase section */
		CDDB3B452BE0FFF9009C867B /* Sources */ = {
			isa = PBXSourcesBuildPhase;
			buildActionMask = 2147483647;
			files = (
				CD9740202BE102A5006FB48C /* DestinationLocationsMapView.swift in Sources */,
				CD9740302BE1607E006FB48C /* DestinationsListView.swift in Sources */,
				CDDB3B4F2BE0FFF9009C867B /* StartTab.swift in Sources */,
				CD97402C2BE14C50006FB48C /* Destination.swift in Sources */,
				CD9740332BE16554006FB48C /* MapManager.swift in Sources */,
				CDDB3B4D2BE0FFF9009C867B /* MoveMateApp.swift in Sources */,
				CD97402E2BE14C69006FB48C /* MTPlacemark.swift in Sources */,
				CD9740292BE10EB8006FB48C /* SampleBangkokLocations.swift in Sources */,
				CD9740232BE10506006FB48C /* MoveMateMapView.swift in Sources */,
			);
			runOnlyForDeploymentPostprocessing = 0;
		};
/* End PBXSourcesBuildPhase section */

/* Begin XCBuildConfiguration section */
		CDDB3B552BE0FFFB009C867B /* Debug */ = {
			isa = XCBuildConfiguration;
			buildSettings = {
				ALWAYS_SEARCH_USER_PATHS = NO;
				ASSETCATALOG_COMPILER_GENERATE_SWIFT_ASSET_SYMBOL_EXTENSIONS = YES;
				CLANG_ANALYZER_NONNULL = YES;
				CLANG_ANALYZER_NUMBER_OBJECT_CONVERSION = YES_AGGRESSIVE;
				CLANG_CXX_LANGUAGE_STANDARD = "gnu++20";
				CLANG_ENABLE_MODULES = YES;
				CLANG_ENABLE_OBJC_ARC = YES;
				CLANG_ENABLE_OBJC_WEAK = YES;
				CLANG_WARN_BLOCK_CAPTURE_AUTORELEASING = YES;
				CLANG_WARN_BOOL_CONVERSION = YES;
				CLANG_WARN_COMMA = YES;
				CLANG_WARN_CONSTANT_CONVERSION = YES;
				CLANG_WARN_DEPRECATED_OBJC_IMPLEMENTATIONS = YES;
				CLANG_WARN_DIRECT_OBJC_ISA_USAGE = YES_ERROR;
				CLANG_WARN_DOCUMENTATION_COMMENTS = YES;
				CLANG_WARN_EMPTY_BODY = YES;
				CLANG_WARN_ENUM_CONVERSION = YES;
				CLANG_WARN_INFINITE_RECURSION = YES;
				CLANG_WARN_INT_CONVERSION = YES;
				CLANG_WARN_NON_LITERAL_NULL_CONVERSION = YES;
				CLANG_WARN_OBJC_IMPLICIT_RETAIN_SELF = YES;
				CLANG_WARN_OBJC_LITERAL_CONVERSION = YES;
				CLANG_WARN_OBJC_ROOT_CLASS = YES_ERROR;
				CLANG_WARN_QUOTED_INCLUDE_IN_FRAMEWORK_HEADER = YES;
				CLANG_WARN_RANGE_LOOP_ANALYSIS = YES;
				CLANG_WARN_STRICT_PROTOTYPES = YES;
				CLANG_WARN_SUSPICIOUS_MOVE = YES;
				CLANG_WARN_UNGUARDED_AVAILABILITY = YES_AGGRESSIVE;
				CLANG_WARN_UNREACHABLE_CODE = YES;
				CLANG_WARN__DUPLICATE_METHOD_MATCH = YES;
				COPY_PHASE_STRIP = NO;
				DEBUG_INFORMATION_FORMAT = dwarf;
				ENABLE_STRICT_OBJC_MSGSEND = YES;
				ENABLE_TESTABILITY = YES;
				ENABLE_USER_SCRIPT_SANDBOXING = YES;
				GCC_C_LANGUAGE_STANDARD = gnu17;
				GCC_DYNAMIC_NO_PIC = NO;
				GCC_NO_COMMON_BLOCKS = YES;
				GCC_OPTIMIZATION_LEVEL = 0;
				GCC_PREPROCESSOR_DEFINITIONS = (
					"DEBUG=1",
					"$(inherited)",
				);
				GCC_WARN_64_TO_32_BIT_CONVERSION = YES;
				GCC_WARN_ABOUT_RETURN_TYPE = YES_ERROR;
				GCC_WARN_UNDECLARED_SELECTOR = YES;
				GCC_WARN_UNINITIALIZED_AUTOS = YES_AGGRESSIVE;
				GCC_WARN_UNUSED_FUNCTION = YES;
				GCC_WARN_UNUSED_VARIABLE = YES;
				IPHONEOS_DEPLOYMENT_TARGET = 17.4;
				LOCALIZATION_PREFERS_STRING_CATALOGS = YES;
				MTL_ENABLE_DEBUG_INFO = INCLUDE_SOURCE;
				MTL_FAST_MATH = YES;
				ONLY_ACTIVE_ARCH = YES;
				SDKROOT = iphoneos;
				SWIFT_ACTIVE_COMPILATION_CONDITIONS = "DEBUG $(inherited)";
				SWIFT_OPTIMIZATION_LEVEL = "-Onone";
			};
			name = Debug;
		};
		CDDB3B562BE0FFFB009C867B /* Release */ = {
			isa = XCBuildConfiguration;
			buildSettings = {
				ALWAYS_SEARCH_USER_PATHS = NO;
				ASSETCATALOG_COMPILER_GENERATE_SWIFT_ASSET_SYMBOL_EXTENSIONS = YES;
				CLANG_ANALYZER_NONNULL = YES;
				CLANG_ANALYZER_NUMBER_OBJECT_CONVERSION = YES_AGGRESSIVE;
				CLANG_CXX_LANGUAGE_STANDARD = "gnu++20";
				CLANG_ENABLE_MODULES = YES;
				CLANG_ENABLE_OBJC_ARC = YES;
				CLANG_ENABLE_OBJC_WEAK = YES;
				CLANG_WARN_BLOCK_CAPTURE_AUTORELEASING = YES;
				CLANG_WARN_BOOL_CONVERSION = YES;
				CLANG_WARN_COMMA = YES;
				CLANG_WARN_CONSTANT_CONVERSION = YES;
				CLANG_WARN_DEPRECATED_OBJC_IMPLEMENTATIONS = YES;
				CLANG_WARN_DIRECT_OBJC_ISA_USAGE = YES_ERROR;
				CLANG_WARN_DOCUMENTATION_COMMENTS = YES;
				CLANG_WARN_EMPTY_BODY = YES;
				CLANG_WARN_ENUM_CONVERSION = YES;
				CLANG_WARN_INFINITE_RECURSION = YES;
				CLANG_WARN_INT_CONVERSION = YES;
				CLANG_WARN_NON_LITERAL_NULL_CONVERSION = YES;
				CLANG_WARN_OBJC_IMPLICIT_RETAIN_SELF = YES;
				CLANG_WARN_OBJC_LITERAL_CONVERSION = YES;
				CLANG_WARN_OBJC_ROOT_CLASS = YES_ERROR;
				CLANG_WARN_QUOTED_INCLUDE_IN_FRAMEWORK_HEADER = YES;
				CLANG_WARN_RANGE_LOOP_ANALYSIS = YES;
				CLANG_WARN_STRICT_PROTOTYPES = YES;
				CLANG_WARN_SUSPICIOUS_MOVE = YES;
				CLANG_WARN_UNGUARDED_AVAILABILITY = YES_AGGRESSIVE;
				CLANG_WARN_UNREACHABLE_CODE = YES;
				CLANG_WARN__DUPLICATE_METHOD_MATCH = YES;
				COPY_PHASE_STRIP = NO;
				DEBUG_INFORMATION_FORMAT = "dwarf-with-dsym";
				ENABLE_NS_ASSERTIONS = NO;
				ENABLE_STRICT_OBJC_MSGSEND = YES;
				ENABLE_USER_SCRIPT_SANDBOXING = YES;
				GCC_C_LANGUAGE_STANDARD = gnu17;
				GCC_NO_COMMON_BLOCKS = YES;
				GCC_WARN_64_TO_32_BIT_CONVERSION = YES;
				GCC_WARN_ABOUT_RETURN_TYPE = YES_ERROR;
				GCC_WARN_UNDECLARED_SELECTOR = YES;
				GCC_WARN_UNINITIALIZED_AUTOS = YES_AGGRESSIVE;
				GCC_WARN_UNUSED_FUNCTION = YES;
				GCC_WARN_UNUSED_VARIABLE = YES;
				IPHONEOS_DEPLOYMENT_TARGET = 17.4;
				LOCALIZATION_PREFERS_STRING_CATALOGS = YES;
				MTL_ENABLE_DEBUG_INFO = NO;
				MTL_FAST_MATH = YES;
				SDKROOT = iphoneos;
				SWIFT_COMPILATION_MODE = wholemodule;
				VALIDATE_PRODUCT = YES;
			};
			name = Release;
		};
		CDDB3B582BE0FFFB009C867B /* Debug */ = {
			isa = XCBuildConfiguration;
			buildSettings = {
				ASSETCATALOG_COMPILER_APPICON_NAME = AppIcon;
				ASSETCATALOG_COMPILER_GLOBAL_ACCENT_COLOR_NAME = AccentColor;
				CODE_SIGN_STYLE = Automatic;
				CURRENT_PROJECT_VERSION = 1;
				DEVELOPMENT_ASSET_PATHS = "\"MoveMate/Preview Content\"";
				DEVELOPMENT_TEAM = Y6YHXN8B7Z;
				ENABLE_PREVIEWS = YES;
				GENERATE_INFOPLIST_FILE = YES;
				INFOPLIST_KEY_UIApplicationSceneManifest_Generation = YES;
				INFOPLIST_KEY_UIApplicationSupportsIndirectInputEvents = YES;
				INFOPLIST_KEY_UILaunchScreen_Generation = YES;
				INFOPLIST_KEY_UILaunchStoryboardName = "Launch Screen.storyboard";
				INFOPLIST_KEY_UISupportedInterfaceOrientations = UIInterfaceOrientationPortrait;
				INFOPLIST_KEY_UISupportedInterfaceOrientations_iPad = "UIInterfaceOrientationLandscapeLeft UIInterfaceOrientationLandscapeRight UIInterfaceOrientationPortrait UIInterfaceOrientationPortraitUpsideDown";
				LD_RUNPATH_SEARCH_PATHS = (
					"$(inherited)",
					"@executable_path/Frameworks",
				);
				MARKETING_VERSION = 1.0;
				PRODUCT_BUNDLE_IDENTIFIER = Shiberger.MoveMate;
				PRODUCT_NAME = "$(TARGET_NAME)";
				SWIFT_EMIT_LOC_STRINGS = YES;
				SWIFT_VERSION = 5.0;
				TARGETED_DEVICE_FAMILY = "1,2";
			};
			name = Debug;
		};
		CDDB3B592BE0FFFB009C867B /* Release */ = {
			isa = XCBuildConfiguration;
			buildSettings = {
				ASSETCATALOG_COMPILER_APPICON_NAME = AppIcon;
				ASSETCATALOG_COMPILER_GLOBAL_ACCENT_COLOR_NAME = AccentColor;
				CODE_SIGN_STYLE = Automatic;
				CURRENT_PROJECT_VERSION = 1;
				DEVELOPMENT_ASSET_PATHS = "\"MoveMate/Preview Content\"";
				DEVELOPMENT_TEAM = Y6YHXN8B7Z;
				ENABLE_PREVIEWS = YES;
				GENERATE_INFOPLIST_FILE = YES;
				INFOPLIST_KEY_UIApplicationSceneManifest_Generation = YES;
				INFOPLIST_KEY_UIApplicationSupportsIndirectInputEvents = YES;
				INFOPLIST_KEY_UILaunchScreen_Generation = YES;
				INFOPLIST_KEY_UILaunchStoryboardName = "Launch Screen.storyboard";
				INFOPLIST_KEY_UISupportedInterfaceOrientations = UIInterfaceOrientationPortrait;
				INFOPLIST_KEY_UISupportedInterfaceOrientations_iPad = "UIInterfaceOrientationLandscapeLeft UIInterfaceOrientationLandscapeRight UIInterfaceOrientationPortrait UIInterfaceOrientationPortraitUpsideDown";
				LD_RUNPATH_SEARCH_PATHS = (
					"$(inherited)",
					"@executable_path/Frameworks",
				);
				MARKETING_VERSION = 1.0;
				PRODUCT_BUNDLE_IDENTIFIER = Shiberger.MoveMate;
				PRODUCT_NAME = "$(TARGET_NAME)";
				SWIFT_EMIT_LOC_STRINGS = YES;
				SWIFT_VERSION = 5.0;
				TARGETED_DEVICE_FAMILY = "1,2";
			};
			name = Release;
		};
/* End XCBuildConfiguration section */

/* Begin XCConfigurationList section */
		CDDB3B442BE0FFF9009C867B /* Build configuration list for PBXProject "MoveMate" */ = {
			isa = XCConfigurationList;
			buildConfigurations = (
				CDDB3B552BE0FFFB009C867B /* Debug */,
				CDDB3B562BE0FFFB009C867B /* Release */,
			);
			defaultConfigurationIsVisible = 0;
			defaultConfigurationName = Release;
		};
		CDDB3B572BE0FFFB009C867B /* Build configuration list for PBXNativeTarget "MoveMate" */ = {
			isa = XCConfigurationList;
			buildConfigurations = (
				CDDB3B582BE0FFFB009C867B /* Debug */,
				CDDB3B592BE0FFFB009C867B /* Release */,
			);
			defaultConfigurationIsVisible = 0;
			defaultConfigurationName = Release;
		};
/* End XCConfigurationList section */
	};
	rootObject = CDDB3B412BE0FFF9009C867B /* Project object */;
}
